
Microsoft Visual Studio Solution File, Format Version 12.00
# Visual Studio Version 17
VisualStudioVersion = 17.3.32901.215
MinimumVisualStudioVersion = 10.0.40219.1
Project("{FAE04EC0-301F-11D3-BF4B-00C04F79EFBC}") = "string metotlari-847", "string metotlari-847\string metotlari-847.csproj", "{DA76DEAB-B730-4F91-B9A5-F85D65CD72B5}"
EndProject
Global
	GlobalSection(SolutionConfigurationPlatforms) = preSolution
		Debug|Any CPU = Debug|Any CPU
		Release|Any CPU = Release|Any CPU
	EndGlobalSection
	GlobalSection(ProjectConfigurationPlatforms) = postSolution
		{DA76DEAB-B730-4F91-B9A5-F85D65CD72B5}.Debug|Any CPU.ActiveCfg = Debug|Any CPU
		{DA76DEAB-B730-4F91-B9A5-F85D65CD72B5}.Debug|Any CPU.Build.0 = Debug|Any CPU
		{DA76DEAB-B730-4F91-B9A5-F85D65CD72B5}.Release|Any CPU.ActiveCfg = Release|Any CPU
		{DA76DEAB-B730-4F91-B9A5-F85D65CD72B5}.Release|Any CPU.Build.0 = Release|Any CPU
	EndGlobalSection
	GlobalSection(SolutionProperties) = preSolution
		HideSolutionNode = FALSE
	EndGlobalSection
	GlobalSection(ExtensibilityGlobals) = postSolution
		SolutionGuid = {8939E937-6956-481D-B939-57D751E784ED}
	EndGlobalSection
EndGlobal
